// !$*UTF8*$!
{
	archiveVersion = 1;
	classes = {
	};
	objectVersion = 50;
	objects = {

/* Begin PBXBuildFile section */
		A22C6A0E26B5E0F200055107 /* EditViewController.swift in Sources */ = {isa = PBXBuildFile; fileRef = A22C6A0D26B5E0F200055107 /* EditViewController.swift */; };
		A22C6A1026B5E10900055107 /* EditView.swift in Sources */ = {isa = PBXBuildFile; fileRef = A22C6A0F26B5E10900055107 /* EditView.swift */; };
		A24B31B826B5CAEF00A9512F /* ReceitaViewCell.swift in Sources */ = {isa = PBXBuildFile; fileRef = A24B31B726B5CAEF00A9512F /* ReceitaViewCell.swift */; };
		A2AE550B26B4C8BF0092ACEC /* AppDelegate.swift in Sources */ = {isa = PBXBuildFile; fileRef = A2AE550A26B4C8BF0092ACEC /* AppDelegate.swift */; };
		A2AE550D26B4C8BF0092ACEC /* SceneDelegate.swift in Sources */ = {isa = PBXBuildFile; fileRef = A2AE550C26B4C8BF0092ACEC /* SceneDelegate.swift */; };
		A2AE550F26B4C8BF0092ACEC /* ViewController.swift in Sources */ = {isa = PBXBuildFile; fileRef = A2AE550E26B4C8BF0092ACEC /* ViewController.swift */; };
		A2AE551526B4C8BF0092ACEC /* DesafioMobills.xcdatamodeld in Sources */ = {isa = PBXBuildFile; fileRef = A2AE551326B4C8BF0092ACEC /* DesafioMobills.xcdatamodeld */; };
		A2AE551726B4C8C00092ACEC /* Assets.xcassets in Resources */ = {isa = PBXBuildFile; fileRef = A2AE551626B4C8C00092ACEC /* Assets.xcassets */; };
		A2AE551A26B4C8C00092ACEC /* LaunchScreen.storyboard in Resources */ = {isa = PBXBuildFile; fileRef = A2AE551826B4C8C00092ACEC /* LaunchScreen.storyboard */; };
		A2AE552626B4CB490092ACEC /* CoreDataStack.swift in Sources */ = {isa = PBXBuildFile; fileRef = A2AE552526B4CB490092ACEC /* CoreDataStack.swift */; };
		A2AE552826B4CC8D0092ACEC /* DespesasCRUD.swift in Sources */ = {isa = PBXBuildFile; fileRef = A2AE552726B4CC8D0092ACEC /* DespesasCRUD.swift */; };
		A2AE552A26B4D1C10092ACEC /* ReceitaCRUD.swift in Sources */ = {isa = PBXBuildFile; fileRef = A2AE552926B4D1C10092ACEC /* ReceitaCRUD.swift */; };
		A2AE552C26B4D2660092ACEC /* DespesaViewCell.swift in Sources */ = {isa = PBXBuildFile; fileRef = A2AE552B26B4D2660092ACEC /* DespesaViewCell.swift */; };
		A2AE552E26B4D2770092ACEC /* ReceitaView.swift in Sources */ = {isa = PBXBuildFile; fileRef = A2AE552D26B4D2770092ACEC /* ReceitaView.swift */; };
		A2AE553026B4D2860092ACEC /* DespesaViewController.swift in Sources */ = {isa = PBXBuildFile; fileRef = A2AE552F26B4D2860092ACEC /* DespesaViewController.swift */; };
		A2AE553226B4D2980092ACEC /* ReceitaViewController.swift in Sources */ = {isa = PBXBuildFile; fileRef = A2AE553126B4D2980092ACEC /* ReceitaViewController.swift */; };
		A2AE553426B4D7DF0092ACEC /* DespesaView.swift in Sources */ = {isa = PBXBuildFile; fileRef = A2AE553326B4D7DF0092ACEC /* DespesaView.swift */; };
		A2AE553626B4D95B0092ACEC /* MainView.swift in Sources */ = {isa = PBXBuildFile; fileRef = A2AE553526B4D95B0092ACEC /* MainView.swift */; };
/* End PBXBuildFile section */

/* Begin PBXFileReference section */
		A22C6A0D26B5E0F200055107 /* EditViewController.swift */ = {isa = PBXFileReference; lastKnownFileType = sourcecode.swift; path = EditViewController.swift; sourceTree = "<group>"; };
		A22C6A0F26B5E10900055107 /* EditView.swift */ = {isa = PBXFileReference; lastKnownFileType = sourcecode.swift; path = EditView.swift; sourceTree = "<group>"; };
		A24B31B726B5CAEF00A9512F /* ReceitaViewCell.swift */ = {isa = PBXFileReference; lastKnownFileType = sourcecode.swift; path = ReceitaViewCell.swift; sourceTree = "<group>"; };
		A2AE550726B4C8BF0092ACEC /* DesafioMobills.app */ = {isa = PBXFileReference; explicitFileType = wrapper.application; includeInIndex = 0; path = DesafioMobills.app; sourceTree = BUILT_PRODUCTS_DIR; };
		A2AE550A26B4C8BF0092ACEC /* AppDelegate.swift */ = {isa = PBXFileReference; lastKnownFileType = sourcecode.swift; path = AppDelegate.swift; sourceTree = "<group>"; };
		A2AE550C26B4C8BF0092ACEC /* SceneDelegate.swift */ = {isa = PBXFileReference; lastKnownFileType = sourcecode.swift; path = SceneDelegate.swift; sourceTree = "<group>"; };
		A2AE550E26B4C8BF0092ACEC /* ViewController.swift */ = {isa = PBXFileReference; lastKnownFileType = sourcecode.swift; path = ViewController.swift; sourceTree = "<group>"; };
		A2AE551426B4C8BF0092ACEC /* DesafioMobills.xcdatamodel */ = {isa = PBXFileReference; lastKnownFileType = wrapper.xcdatamodel; path = DesafioMobills.xcdatamodel; sourceTree = "<group>"; };
		A2AE551626B4C8C00092ACEC /* Assets.xcassets */ = {isa = PBXFileReference; lastKnownFileType = folder.assetcatalog; path = Assets.xcassets; sourceTree = "<group>"; };
		A2AE551926B4C8C00092ACEC /* Base */ = {isa = PBXFileReference; lastKnownFileType = file.storyboard; name = Base; path = Base.lproj/LaunchScreen.storyboard; sourceTree = "<group>"; };
		A2AE551B26B4C8C00092ACEC /* Info.plist */ = {isa = PBXFileReference; lastKnownFileType = text.plist.xml; path = Info.plist; sourceTree = "<group>"; };
		A2AE552526B4CB490092ACEC /* CoreDataStack.swift */ = {isa = PBXFileReference; lastKnownFileType = sourcecode.swift; path = CoreDataStack.swift; sourceTree = "<group>"; };
		A2AE552726B4CC8D0092ACEC /* DespesasCRUD.swift */ = {isa = PBXFileReference; lastKnownFileType = sourcecode.swift; path = DespesasCRUD.swift; sourceTree = "<group>"; };
		A2AE552926B4D1C10092ACEC /* ReceitaCRUD.swift */ = {isa = PBXFileReference; lastKnownFileType = sourcecode.swift; path = ReceitaCRUD.swift; sourceTree = "<group>"; };
		A2AE552B26B4D2660092ACEC /* DespesaViewCell.swift */ = {isa = PBXFileReference; lastKnownFileType = sourcecode.swift; path = DespesaViewCell.swift; sourceTree = "<group>"; };
		A2AE552D26B4D2770092ACEC /* ReceitaView.swift */ = {isa = PBXFileReference; lastKnownFileType = sourcecode.swift; path = ReceitaView.swift; sourceTree = "<group>"; };
		A2AE552F26B4D2860092ACEC /* DespesaViewController.swift */ = {isa = PBXFileReference; lastKnownFileType = sourcecode.swift; path = DespesaViewController.swift; sourceTree = "<group>"; };
		A2AE553126B4D2980092ACEC /* ReceitaViewController.swift */ = {isa = PBXFileReference; lastKnownFileType = sourcecode.swift; path = ReceitaViewController.swift; sourceTree = "<group>"; };
		A2AE553326B4D7DF0092ACEC /* DespesaView.swift */ = {isa = PBXFileReference; lastKnownFileType = sourcecode.swift; path = DespesaView.swift; sourceTree = "<group>"; };
		A2AE553526B4D95B0092ACEC /* MainView.swift */ = {isa = PBXFileReference; lastKnownFileType = sourcecode.swift; path = MainView.swift; sourceTree = "<group>"; };
/* End PBXFileReference section */

/* Begin PBXFrameworksBuildPhase section */
		A2AE550426B4C8BF0092ACEC /* Frameworks */ = {
			isa = PBXFrameworksBuildPhase;
			buildActionMask = 2147483647;
			files = (
			);
			runOnlyForDeploymentPostprocessing = 0;
		};
/* End PBXFrameworksBuildPhase section */

/* Begin PBXGroup section */
		A2AE54FE26B4C8BF0092ACEC = {
			isa = PBXGroup;
			children = (
				A2AE550926B4C8BF0092ACEC /* DesafioMobills */,
				A2AE550826B4C8BF0092ACEC /* Products */,
			);
			sourceTree = "<group>";
		};
		A2AE550826B4C8BF0092ACEC /* Products */ = {
			isa = PBXGroup;
			children = (
				A2AE550726B4C8BF0092ACEC /* DesafioMobills.app */,
			);
			name = Products;
			sourceTree = "<group>";
		};
		A2AE550926B4C8BF0092ACEC /* DesafioMobills */ = {
			isa = PBXGroup;
			children = (
				A2AE552426B4C9A20092ACEC /* Models */,
				A2AE552326B4C99A0092ACEC /* Controllers */,
				A2AE552226B4C9900092ACEC /* Views */,
				A2AE550A26B4C8BF0092ACEC /* AppDelegate.swift */,
				A2AE550C26B4C8BF0092ACEC /* SceneDelegate.swift */,
				A2AE551626B4C8C00092ACEC /* Assets.xcassets */,
				A2AE551826B4C8C00092ACEC /* LaunchScreen.storyboard */,
				A2AE551B26B4C8C00092ACEC /* Info.plist */,
				A2AE551326B4C8BF0092ACEC /* DesafioMobills.xcdatamodeld */,
			);
			path = DesafioMobills;
			sourceTree = "<group>";
		};
		A2AE552226B4C9900092ACEC /* Views */ = {
			isa = PBXGroup;
			children = (
				A2AE552B26B4D2660092ACEC /* DespesaViewCell.swift */,
				A24B31B726B5CAEF00A9512F /* ReceitaViewCell.swift */,
				A2AE552D26B4D2770092ACEC /* ReceitaView.swift */,
				A2AE553326B4D7DF0092ACEC /* DespesaView.swift */,
				A2AE553526B4D95B0092ACEC /* MainView.swift */,
				A22C6A0F26B5E10900055107 /* EditView.swift */,
			);
			path = Views;
			sourceTree = "<group>";
		};
		A2AE552326B4C99A0092ACEC /* Controllers */ = {
			isa = PBXGroup;
			children = (
				A2AE550E26B4C8BF0092ACEC /* ViewController.swift */,
				A2AE552F26B4D2860092ACEC /* DespesaViewController.swift */,
				A2AE553126B4D2980092ACEC /* ReceitaViewController.swift */,
				A22C6A0D26B5E0F200055107 /* EditViewController.swift */,
			);
			path = Controllers;
			sourceTree = "<group>";
		};
		A2AE552426B4C9A20092ACEC /* Models */ = {
			isa = PBXGroup;
			children = (
				A2AE552526B4CB490092ACEC /* CoreDataStack.swift */,
				A2AE552726B4CC8D0092ACEC /* DespesasCRUD.swift */,
				A2AE552926B4D1C10092ACEC /* ReceitaCRUD.swift */,
			);
			path = Models;
			sourceTree = "<group>";
		};
/* End PBXGroup section */

/* Begin PBXNativeTarget section */
		A2AE550626B4C8BF0092ACEC /* DesafioMobills */ = {
			isa = PBXNativeTarget;
			buildConfigurationList = A2AE551E26B4C8C00092ACEC /* Build configuration list for PBXNativeTarget "DesafioMobills" */;
			buildPhases = (
				A2AE550326B4C8BF0092ACEC /* Sources */,
				A2AE550426B4C8BF0092ACEC /* Frameworks */,
				A2AE550526B4C8BF0092ACEC /* Resources */,
			);
			buildRules = (
			);
			dependencies = (
			);
			name = DesafioMobills;
			productName = DesafioMobills;
			productReference = A2AE550726B4C8BF0092ACEC /* DesafioMobills.app */;
			productType = "com.apple.product-type.application";
		};
/* End PBXNativeTarget section */

/* Begin PBXProject section */
		A2AE54FF26B4C8BF0092ACEC /* Project object */ = {
			isa = PBXProject;
			attributes = {
				LastSwiftUpdateCheck = 1250;
				LastUpgradeCheck = 1250;
				TargetAttributes = {
					A2AE550626B4C8BF0092ACEC = {
						CreatedOnToolsVersion = 12.5.1;
					};
				};
			};
			buildConfigurationList = A2AE550226B4C8BF0092ACEC /* Build configuration list for PBXProject "DesafioMobills" */;
			compatibilityVersion = "Xcode 9.3";
			developmentRegion = en;
			hasScannedForEncodings = 0;
			knownRegions = (
				en,
				Base,
			);
			mainGroup = A2AE54FE26B4C8BF0092ACEC;
			productRefGroup = A2AE550826B4C8BF0092ACEC /* Products */;
			projectDirPath = "";
			projectRoot = "";
			targets = (
				A2AE550626B4C8BF0092ACEC /* DesafioMobills */,
			);
		};
/* End PBXProject section */

/* Begin PBXResourcesBuildPhase section */
		A2AE550526B4C8BF0092ACEC /* Resources */ = {
			isa = PBXResourcesBuildPhase;
			buildActionMask = 2147483647;
			files = (
				A2AE551A26B4C8C00092ACEC /* LaunchScreen.storyboard in Resources */,
				A2AE551726B4C8C00092ACEC /* Assets.xcassets in Resources */,
			);
			runOnlyForDeploymentPostprocessing = 0;
		};
/* End PBXResourcesBuildPhase section */

/* Begin PBXSourcesBuildPhase section */
		A2AE550326B4C8BF0092ACEC /* Sources */ = {
			isa = PBXSourcesBuildPhase;
			buildActionMask = 2147483647;
			files = (
				A2AE552E26B4D2770092ACEC /* ReceitaView.swift in Sources */,
				A22C6A1026B5E10900055107 /* EditView.swift in Sources */,
				A2AE553626B4D95B0092ACEC /* MainView.swift in Sources */,
				A24B31B826B5CAEF00A9512F /* ReceitaViewCell.swift in Sources */,
				A2AE552A26B4D1C10092ACEC /* ReceitaCRUD.swift in Sources */,
				A2AE552626B4CB490092ACEC /* CoreDataStack.swift in Sources */,
				A2AE551526B4C8BF0092ACEC /* DesafioMobills.xcdatamodeld in Sources */,
				A2AE553226B4D2980092ACEC /* ReceitaViewController.swift in Sources */,
				A2AE550F26B4C8BF0092ACEC /* ViewController.swift in Sources */,
				A22C6A0E26B5E0F200055107 /* EditViewController.swift in Sources */,
				A2AE552C26B4D2660092ACEC /* DespesaViewCell.swift in Sources */,
				A2AE553026B4D2860092ACEC /* DespesaViewController.swift in Sources */,
				A2AE553426B4D7DF0092ACEC /* DespesaView.swift in Sources */,
				A2AE550B26B4C8BF0092ACEC /* AppDelegate.swift in Sources */,
				A2AE550D26B4C8BF0092ACEC /* SceneDelegate.swift in Sources */,
				A2AE552826B4CC8D0092ACEC /* DespesasCRUD.swift in Sources */,
			);
			runOnlyForDeploymentPostprocessing = 0;
		};
/* End PBXSourcesBuildPhase section */

/* Begin PBXVariantGroup section */
		A2AE551826B4C8C00092ACEC /* LaunchScreen.storyboard */ = {
			isa = PBXVariantGroup;
			children = (
				A2AE551926B4C8C00092ACEC /* Base */,
			);
			name = LaunchScreen.storyboard;
			sourceTree = "<group>";
		};
/* End PBXVariantGroup section */

/* Begin XCBuildConfiguration section */
		A2AE551C26B4C8C00092ACEC /* Debug */ = {
			isa = XCBuildConfiguration;
			buildSettings = {
				ALWAYS_SEARCH_USER_PATHS = NO;
				CLANG_ANALYZER_NONNULL = YES;
				CLANG_ANALYZER_NUMBER_OBJECT_CONVERSION = YES_AGGRESSIVE;
				CLANG_CXX_LANGUAGE_STANDARD = "gnu++14";
				CLANG_CXX_LIBRARY = "libc++";
				CLANG_ENABLE_MODULES = YES;
				CLANG_ENABLE_OBJC_ARC = YES;
				CLANG_ENABLE_OBJC_WEAK = YES;
				CLANG_WARN_BLOCK_CAPTURE_AUTORELEASING = YES;
				CLANG_WARN_BOOL_CONVERSION = YES;
				CLANG_WARN_COMMA = YES;
				CLANG_WARN_CONSTANT_CONVERSION = YES;
				CLANG_WARN_DEPRECATED_OBJC_IMPLEMENTATIONS = YES;
				CLANG_WARN_DIRECT_OBJC_ISA_USAGE = YES_ERROR;
				CLANG_WARN_DOCUMENTATION_COMMENTS = YES;
				CLANG_WARN_EMPTY_BODY = YES;
				CLANG_WARN_ENUM_CONVERSION = YES;
				CLANG_WARN_INFINITE_RECURSION = YES;
				CLANG_WARN_INT_CONVERSION = YES;
				CLANG_WARN_NON_LITERAL_NULL_CONVERSION = YES;
				CLANG_WARN_OBJC_IMPLICIT_RETAIN_SELF = YES;
				CLANG_WARN_OBJC_LITERAL_CONVERSION = YES;
				CLANG_WARN_OBJC_ROOT_CLASS = YES_ERROR;
				CLANG_WARN_QUOTED_INCLUDE_IN_FRAMEWORK_HEADER = YES;
				CLANG_WARN_RANGE_LOOP_ANALYSIS = YES;
				CLANG_WARN_STRICT_PROTOTYPES = YES;
				CLANG_WARN_SUSPICIOUS_MOVE = YES;
				CLANG_WARN_UNGUARDED_AVAILABILITY = YES_AGGRESSIVE;
				CLANG_WARN_UNREACHABLE_CODE = YES;
				CLANG_WARN__DUPLICATE_METHOD_MATCH = YES;
				COPY_PHASE_STRIP = NO;
				DEBUG_INFORMATION_FORMAT = dwarf;
				ENABLE_STRICT_OBJC_MSGSEND = YES;
				ENABLE_TESTABILITY = YES;
				GCC_C_LANGUAGE_STANDARD = gnu11;
				GCC_DYNAMIC_NO_PIC = NO;
				GCC_NO_COMMON_BLOCKS = YES;
				GCC_OPTIMIZATION_LEVEL = 0;
				GCC_PREPROCESSOR_DEFINITIONS = (
					"DEBUG=1",
					"$(inherited)",
				);
				GCC_WARN_64_TO_32_BIT_CONVERSION = YES;
				GCC_WARN_ABOUT_RETURN_TYPE = YES_ERROR;
				GCC_WARN_UNDECLARED_SELECTOR = YES;
				GCC_WARN_UNINITIALIZED_AUTOS = YES_AGGRESSIVE;
				GCC_WARN_UNUSED_FUNCTION = YES;
				GCC_WARN_UNUSED_VARIABLE = YES;
				IPHONEOS_DEPLOYMENT_TARGET = 14.5;
				MTL_ENABLE_DEBUG_INFO = INCLUDE_SOURCE;
				MTL_FAST_MATH = YES;
				ONLY_ACTIVE_ARCH = YES;
				SDKROOT = iphoneos;
				SWIFT_ACTIVE_COMPILATION_CONDITIONS = DEBUG;
				SWIFT_OPTIMIZATION_LEVEL = "-Onone";
			};
			name = Debug;
		};
		A2AE551D26B4C8C00092ACEC /* Release */ = {
			isa = XCBuildConfiguration;
			buildSettings = {
				ALWAYS_SEARCH_USER_PATHS = NO;
				CLANG_ANALYZER_NONNULL = YES;
				CLANG_ANALYZER_NUMBER_OBJECT_CONVERSION = YES_AGGRESSIVE;
				CLANG_CXX_LANGUAGE_STANDARD = "gnu++14";
				CLANG_CXX_LIBRARY = "libc++";
				CLANG_ENABLE_MODULES = YES;
				CLANG_ENABLE_OBJC_ARC = YES;
				CLANG_ENABLE_OBJC_WEAK = YES;
				CLANG_WARN_BLOCK_CAPTURE_AUTORELEASING = YES;
				CLANG_WARN_BOOL_CONVERSION = YES;
				CLANG_WARN_COMMA = YES;
				CLANG_WARN_CONSTANT_CONVERSION = YES;
				CLANG_WARN_DEPRECATED_OBJC_IMPLEMENTATIONS = YES;
				CLANG_WARN_DIRECT_OBJC_ISA_USAGE = YES_ERROR;
				CLANG_WARN_DOCUMENTATION_COMMENTS = YES;
				CLANG_WARN_EMPTY_BODY = YES;
				CLANG_WARN_ENUM_CONVERSION = YES;
				CLANG_WARN_INFINITE_RECURSION = YES;
				CLANG_WARN_INT_CONVERSION = YES;
				CLANG_WARN_NON_LITERAL_NULL_CONVERSION = YES;
				CLANG_WARN_OBJC_IMPLICIT_RETAIN_SELF = YES;
				CLANG_WARN_OBJC_LITERAL_CONVERSION = YES;
				CLANG_WARN_OBJC_ROOT_CLASS = YES_ERROR;
				CLANG_WARN_QUOTED_INCLUDE_IN_FRAMEWORK_HEADER = YES;
				CLANG_WARN_RANGE_LOOP_ANALYSIS = YES;
				CLANG_WARN_STRICT_PROTOTYPES = YES;
				CLANG_WARN_SUSPICIOUS_MOVE = YES;
				CLANG_WARN_UNGUARDED_AVAILABILITY = YES_AGGRESSIVE;
				CLANG_WARN_UNREACHABLE_CODE = YES;
				CLANG_WARN__DUPLICATE_METHOD_MATCH = YES;
				COPY_PHASE_STRIP = NO;
				DEBUG_INFORMATION_FORMAT = "dwarf-with-dsym";
				ENABLE_NS_ASSERTIONS = NO;
				ENABLE_STRICT_OBJC_MSGSEND = YES;
				GCC_C_LANGUAGE_STANDARD = gnu11;
				GCC_NO_COMMON_BLOCKS = YES;
				GCC_WARN_64_TO_32_BIT_CONVERSION = YES;
				GCC_WARN_ABOUT_RETURN_TYPE = YES_ERROR;
				GCC_WARN_UNDECLARED_SELECTOR = YES;
				GCC_WARN_UNINITIALIZED_AUTOS = YES_AGGRESSIVE;
				GCC_WARN_UNUSED_FUNCTION = YES;
				GCC_WARN_UNUSED_VARIABLE = YES;
				IPHONEOS_DEPLOYMENT_TARGET = 14.5;
				MTL_ENABLE_DEBUG_INFO = NO;
				MTL_FAST_MATH = YES;
				SDKROOT = iphoneos;
				SWIFT_COMPILATION_MODE = wholemodule;
				SWIFT_OPTIMIZATION_LEVEL = "-O";
				VALIDATE_PRODUCT = YES;
			};
			name = Release;
		};
		A2AE551F26B4C8C00092ACEC /* Debug */ = {
			isa = XCBuildConfiguration;
			buildSettings = {
				ASSETCATALOG_COMPILER_APPICON_NAME = AppIcon;
				ASSETCATALOG_COMPILER_GLOBAL_ACCENT_COLOR_NAME = AccentColor;
				CODE_SIGN_STYLE = Automatic;
				DEVELOPMENT_TEAM = D56NG2Q3UR;
				INFOPLIST_FILE = DesafioMobills/Info.plist;
				LD_RUNPATH_SEARCH_PATHS = (
					"$(inherited)",
					"@executable_path/Frameworks",
				);
				PRODUCT_BUNDLE_IDENTIFIER = anakarolina.DesafioMobills;
				PRODUCT_NAME = "$(TARGET_NAME)";
				SWIFT_VERSION = 5.0;
				TARGETED_DEVICE_FAMILY = "1,2";
			};
			name = Debug;
		};
		A2AE552026B4C8C00092ACEC /* Release */ = {
			isa = XCBuildConfiguration;
			buildSettings = {
				ASSETCATALOG_COMPILER_APPICON_NAME = AppIcon;
				ASSETCATALOG_COMPILER_GLOBAL_ACCENT_COLOR_NAME = AccentColor;
				CODE_SIGN_STYLE = Automatic;
				DEVELOPMENT_TEAM = D56NG2Q3UR;
				INFOPLIST_FILE = DesafioMobills/Info.plist;
				LD_RUNPATH_SEARCH_PATHS = (
					"$(inherited)",
					"@executable_path/Frameworks",
				);
				PRODUCT_BUNDLE_IDENTIFIER = anakarolina.DesafioMobills;
				PRODUCT_NAME = "$(TARGET_NAME)";
				SWIFT_VERSION = 5.0;
				TARGETED_DEVICE_FAMILY = "1,2";
			};
			name = Release;
		};
/* End XCBuildConfiguration section */

/* Begin XCConfigurationList section */
		A2AE550226B4C8BF0092ACEC /* Build configuration list for PBXProject "DesafioMobills" */ = {
			isa = XCConfigurationList;
			buildConfigurations = (
				A2AE551C26B4C8C00092ACEC /* Debug */,
				A2AE551D26B4C8C00092ACEC /* Release */,
			);
			defaultConfigurationIsVisible = 0;
			defaultConfigurationName = Release;
		};
		A2AE551E26B4C8C00092ACEC /* Build configuration list for PBXNativeTarget "DesafioMobills" */ = {
			isa = XCConfigurationList;
			buildConfigurations = (
				A2AE551F26B4C8C00092ACEC /* Debug */,
				A2AE552026B4C8C00092ACEC /* Release */,
			);
			defaultConfigurationIsVisible = 0;
			defaultConfigurationName = Release;
		};
/* End XCConfigurationList section */

/* Begin XCVersionGroup section */
		A2AE551326B4C8BF0092ACEC /* DesafioMobills.xcdatamodeld */ = {
			isa = XCVersionGroup;
			children = (
				A2AE551426B4C8BF0092ACEC /* DesafioMobills.xcdatamodel */,
			);
			currentVersion = A2AE551426B4C8BF0092ACEC /* DesafioMobills.xcdatamodel */;
			path = DesafioMobills.xcdatamodeld;
			sourceTree = "<group>";
			versionGroupType = wrapper.xcdatamodel;
		};
/* End XCVersionGroup section */
	};
	rootObject = A2AE54FF26B4C8BF0092ACEC /* Project object */;
}
